
Microsoft Visual Studio Solution File, Format Version 12.00
# Visual Studio Version 17
VisualStudioVersion = 17.5.33516.290
MinimumVisualStudioVersion = 10.0.40219.1
Project("{FAE04EC0-301F-11D3-BF4B-00C04F79EFBC}") = "Transaction.WebApi", "Transaction.WebApi\Transaction.WebApi.csproj", "{B04EBFF9-C2DE-4260-B6C9-73AA6321D1FD}"
EndProject
Global
	GlobalSection(SolutionConfigurationPlatforms) = preSolution
		Debug|Any CPU = Debug|Any CPU
		Release|Any CPU = Release|Any CPU
	EndGlobalSection
	GlobalSection(ProjectConfigurationPlatforms) = postSolution
		{B04EBFF9-C2DE-4260-B6C9-73AA6321D1FD}.Debug|Any CPU.ActiveCfg = Debug|Any CPU
		{B04EBFF9-C2DE-4260-B6C9-73AA6321D1FD}.Debug|Any CPU.Build.0 = Debug|Any CPU
		{B04EBFF9-C2DE-4260-B6C9-73AA6321D1FD}.Release|Any CPU.ActiveCfg = Release|Any CPU
		{B04EBFF9-C2DE-4260-B6C9-73AA6321D1FD}.Release|Any CPU.Build.0 = Release|Any CPU
	EndGlobalSection
	GlobalSection(SolutionProperties) = preSolution
		HideSolutionNode = FALSE
	EndGlobalSection
	GlobalSection(ExtensibilityGlobals) = postSolution
		SolutionGuid = {89C475E3-F9CD-4379-BE71-9BD42E24C6C3}
	EndGlobalSection
EndGlobal
